// !$*UTF8*$!
{
	archiveVersion = 1;
	classes = {
	};
	objectVersion = 50;
	objects = {

/* Begin PBXBuildFile section */
		03ECCEC72370DCC100DE2379 /* AppDelegate.swift in Sources */ = {isa = PBXBuildFile; fileRef = 03ECCEC62370DCC100DE2379 /* AppDelegate.swift */; };
		03ECCEC92370DCC100DE2379 /* SceneDelegate.swift in Sources */ = {isa = PBXBuildFile; fileRef = 03ECCEC82370DCC100DE2379 /* SceneDelegate.swift */; };
		03ECCECE2370DCC100DE2379 /* Main.storyboard in Resources */ = {isa = PBXBuildFile; fileRef = 03ECCECC2370DCC100DE2379 /* Main.storyboard */; };
		03ECCED12370DCC100DE2379 /* Core_Data.xcdatamodeld in Sources */ = {isa = PBXBuildFile; fileRef = 03ECCECF2370DCC100DE2379 /* Core_Data.xcdatamodeld */; };
		03ECCED32370DCC400DE2379 /* Assets.xcassets in Resources */ = {isa = PBXBuildFile; fileRef = 03ECCED22370DCC400DE2379 /* Assets.xcassets */; };
		03ECCED62370DCC400DE2379 /* LaunchScreen.storyboard in Resources */ = {isa = PBXBuildFile; fileRef = 03ECCED42370DCC400DE2379 /* LaunchScreen.storyboard */; };
		03ECCEE12370DCC400DE2379 /* Core_DataUITests.swift in Sources */ = {isa = PBXBuildFile; fileRef = 03ECCEE02370DCC400DE2379 /* Core_DataUITests.swift */; };
		03ECCEEC2370DD5A00DE2379 /* ContactsViewController.swift in Sources */ = {isa = PBXBuildFile; fileRef = 03ECCEEB2370DD5A00DE2379 /* ContactsViewController.swift */; };
		03ECCEEE2370E08F00DE2379 /* SingleContactViewController.swift in Sources */ = {isa = PBXBuildFile; fileRef = 03ECCEED2370E08F00DE2379 /* SingleContactViewController.swift */; };
		03ECCEF12370E1D600DE2379 /* Contact+CoreDataClass.swift in Sources */ = {isa = PBXBuildFile; fileRef = 03ECCEEF2370E1D600DE2379 /* Contact+CoreDataClass.swift */; };
		03ECCEF22370E1D600DE2379 /* Contact+CoreDataProperties.swift in Sources */ = {isa = PBXBuildFile; fileRef = 03ECCEF02370E1D600DE2379 /* Contact+CoreDataProperties.swift */; };
/* End PBXBuildFile section */

/* Begin PBXContainerItemProxy section */
		03ECCEDD2370DCC400DE2379 /* PBXContainerItemProxy */ = {
			isa = PBXContainerItemProxy;
			containerPortal = 03ECCEBB2370DCC100DE2379 /* Project object */;
			proxyType = 1;
			remoteGlobalIDString = 03ECCEC22370DCC100DE2379;
			remoteInfo = "Core Data";
		};
/* End PBXContainerItemProxy section */

/* Begin PBXFileReference section */
		03ECCEC32370DCC100DE2379 /* Core Data.app */ = {isa = PBXFileReference; explicitFileType = wrapper.application; includeInIndex = 0; path = "Core Data.app"; sourceTree = BUILT_PRODUCTS_DIR; };
		03ECCEC62370DCC100DE2379 /* AppDelegate.swift */ = {isa = PBXFileReference; lastKnownFileType = sourcecode.swift; path = AppDelegate.swift; sourceTree = "<group>"; };
		03ECCEC82370DCC100DE2379 /* SceneDelegate.swift */ = {isa = PBXFileReference; lastKnownFileType = sourcecode.swift; path = SceneDelegate.swift; sourceTree = "<group>"; };
		03ECCECD2370DCC100DE2379 /* Base */ = {isa = PBXFileReference; lastKnownFileType = file.storyboard; name = Base; path = Base.lproj/Main.storyboard; sourceTree = "<group>"; };
		03ECCED02370DCC100DE2379 /* Core_Data.xcdatamodel */ = {isa = PBXFileReference; lastKnownFileType = wrapper.xcdatamodel; path = Core_Data.xcdatamodel; sourceTree = "<group>"; };
		03ECCED22370DCC400DE2379 /* Assets.xcassets */ = {isa = PBXFileReference; lastKnownFileType = folder.assetcatalog; path = Assets.xcassets; sourceTree = "<group>"; };
		03ECCED52370DCC400DE2379 /* Base */ = {isa = PBXFileReference; lastKnownFileType = file.storyboard; name = Base; path = Base.lproj/LaunchScreen.storyboard; sourceTree = "<group>"; };
		03ECCED72370DCC400DE2379 /* Info.plist */ = {isa = PBXFileReference; lastKnownFileType = text.plist.xml; path = Info.plist; sourceTree = "<group>"; };
		03ECCEDC2370DCC400DE2379 /* Core DataUITests.xctest */ = {isa = PBXFileReference; explicitFileType = wrapper.cfbundle; includeInIndex = 0; path = "Core DataUITests.xctest"; sourceTree = BUILT_PRODUCTS_DIR; };
		03ECCEE02370DCC400DE2379 /* Core_DataUITests.swift */ = {isa = PBXFileReference; lastKnownFileType = sourcecode.swift; path = Core_DataUITests.swift; sourceTree = "<group>"; };
		03ECCEE22370DCC400DE2379 /* Info.plist */ = {isa = PBXFileReference; lastKnownFileType = text.plist.xml; path = Info.plist; sourceTree = "<group>"; };
		03ECCEEB2370DD5A00DE2379 /* ContactsViewController.swift */ = {isa = PBXFileReference; lastKnownFileType = sourcecode.swift; path = ContactsViewController.swift; sourceTree = "<group>"; };
		03ECCEED2370E08F00DE2379 /* SingleContactViewController.swift */ = {isa = PBXFileReference; lastKnownFileType = sourcecode.swift; path = SingleContactViewController.swift; sourceTree = "<group>"; };
		03ECCEEF2370E1D600DE2379 /* Contact+CoreDataClass.swift */ = {isa = PBXFileReference; lastKnownFileType = sourcecode.swift; path = "Contact+CoreDataClass.swift"; sourceTree = SOURCE_ROOT; };
		03ECCEF02370E1D600DE2379 /* Contact+CoreDataProperties.swift */ = {isa = PBXFileReference; lastKnownFileType = sourcecode.swift; path = "Contact+CoreDataProperties.swift"; sourceTree = SOURCE_ROOT; };
/* End PBXFileReference section */

/* Begin PBXFrameworksBuildPhase section */
		03ECCEC02370DCC100DE2379 /* Frameworks */ = {
			isa = PBXFrameworksBuildPhase;
			buildActionMask = 2147483647;
			files = (
			);
			runOnlyForDeploymentPostprocessing = 0;
		};
		03ECCED92370DCC400DE2379 /* Frameworks */ = {
			isa = PBXFrameworksBuildPhase;
			buildActionMask = 2147483647;
			files = (
			);
			runOnlyForDeploymentPostprocessing = 0;
		};
/* End PBXFrameworksBuildPhase section */

/* Begin PBXGroup section */
		03ECCEBA2370DCC100DE2379 = {
			isa = PBXGroup;
			children = (
				03ECCEC52370DCC100DE2379 /* Core Data */,
				03ECCEDF2370DCC400DE2379 /* Core DataUITests */,
				03ECCEC42370DCC100DE2379 /* Products */,
			);
			sourceTree = "<group>";
		};
		03ECCEC42370DCC100DE2379 /* Products */ = {
			isa = PBXGroup;
			children = (
				03ECCEC32370DCC100DE2379 /* Core Data.app */,
				03ECCEDC2370DCC400DE2379 /* Core DataUITests.xctest */,
			);
			name = Products;
			sourceTree = "<group>";
		};
		03ECCEC52370DCC100DE2379 /* Core Data */ = {
			isa = PBXGroup;
			children = (
				03ECCEEF2370E1D600DE2379 /* Contact+CoreDataClass.swift */,
				03ECCEF02370E1D600DE2379 /* Contact+CoreDataProperties.swift */,
				03ECCEC62370DCC100DE2379 /* AppDelegate.swift */,
				03ECCEC82370DCC100DE2379 /* SceneDelegate.swift */,
				03ECCECC2370DCC100DE2379 /* Main.storyboard */,
				03ECCED22370DCC400DE2379 /* Assets.xcassets */,
				03ECCED42370DCC400DE2379 /* LaunchScreen.storyboard */,
				03ECCED72370DCC400DE2379 /* Info.plist */,
				03ECCECF2370DCC100DE2379 /* Core_Data.xcdatamodeld */,
				03ECCEEB2370DD5A00DE2379 /* ContactsViewController.swift */,
				03ECCEED2370E08F00DE2379 /* SingleContactViewController.swift */,
			);
			path = "Core Data";
			sourceTree = "<group>";
		};
		03ECCEDF2370DCC400DE2379 /* Core DataUITests */ = {
			isa = PBXGroup;
			children = (
				03ECCEE02370DCC400DE2379 /* Core_DataUITests.swift */,
				03ECCEE22370DCC400DE2379 /* Info.plist */,
			);
			path = "Core DataUITests";
			sourceTree = "<group>";
		};
/* End PBXGroup section */

/* Begin PBXNativeTarget section */
		03ECCEC22370DCC100DE2379 /* Core Data */ = {
			isa = PBXNativeTarget;
			buildConfigurationList = 03ECCEE52370DCC400DE2379 /* Build configuration list for PBXNativeTarget "Core Data" */;
			buildPhases = (
				03ECCEBF2370DCC100DE2379 /* Sources */,
				03ECCEC02370DCC100DE2379 /* Frameworks */,
				03ECCEC12370DCC100DE2379 /* Resources */,
			);
			buildRules = (
			);
			dependencies = (
			);
			name = "Core Data";
			productName = "Core Data";
			productReference = 03ECCEC32370DCC100DE2379 /* Core Data.app */;
			productType = "com.apple.product-type.application";
		};
		03ECCEDB2370DCC400DE2379 /* Core DataUITests */ = {
			isa = PBXNativeTarget;
			buildConfigurationList = 03ECCEE82370DCC400DE2379 /* Build configuration list for PBXNativeTarget "Core DataUITests" */;
			buildPhases = (
				03ECCED82370DCC400DE2379 /* Sources */,
				03ECCED92370DCC400DE2379 /* Frameworks */,
				03ECCEDA2370DCC400DE2379 /* Resources */,
			);
			buildRules = (
			);
			dependencies = (
				03ECCEDE2370DCC400DE2379 /* PBXTargetDependency */,
			);
			name = "Core DataUITests";
			productName = "Core DataUITests";
			productReference = 03ECCEDC2370DCC400DE2379 /* Core DataUITests.xctest */;
			productType = "com.apple.product-type.bundle.ui-testing";
		};
/* End PBXNativeTarget section */

/* Begin PBXProject section */
		03ECCEBB2370DCC100DE2379 /* Project object */ = {
			isa = PBXProject;
			attributes = {
				LastSwiftUpdateCheck = 1110;
				LastUpgradeCheck = 1110;
				ORGANIZATIONNAME = "Joshua Brooks";
				TargetAttributes = {
					03ECCEC22370DCC100DE2379 = {
						CreatedOnToolsVersion = 11.1;
					};
					03ECCEDB2370DCC400DE2379 = {
						CreatedOnToolsVersion = 11.1;
						TestTargetID = 03ECCEC22370DCC100DE2379;
					};
				};
			};
			buildConfigurationList = 03ECCEBE2370DCC100DE2379 /* Build configuration list for PBXProject "Core Data" */;
			compatibilityVersion = "Xcode 9.3";
			developmentRegion = en;
			hasScannedForEncodings = 0;
			knownRegions = (
				en,
				Base,
			);
			mainGroup = 03ECCEBA2370DCC100DE2379;
			productRefGroup = 03ECCEC42370DCC100DE2379 /* Products */;
			projectDirPath = "";
			projectRoot = "";
			targets = (
				03ECCEC22370DCC100DE2379 /* Core Data */,
				03ECCEDB2370DCC400DE2379 /* Core DataUITests */,
			);
		};
/* End PBXProject section */

/* Begin PBXResourcesBuildPhase section */
		03ECCEC12370DCC100DE2379 /* Resources */ = {
			isa = PBXResourcesBuildPhase;
			buildActionMask = 2147483647;
			files = (
				03ECCED62370DCC400DE2379 /* LaunchScreen.storyboard in Resources */,
				03ECCED32370DCC400DE2379 /* Assets.xcassets in Resources */,
				03ECCECE2370DCC100DE2379 /* Main.storyboard in Resources */,
			);
			runOnlyForDeploymentPostprocessing = 0;
		};
		03ECCEDA2370DCC400DE2379 /* Resources */ = {
			isa = PBXResourcesBuildPhase;
			buildActionMask = 2147483647;
			files = (
			);
			runOnlyForDeploymentPostprocessing = 0;
		};
/* End PBXResourcesBuildPhase section */

/* Begin PBXSourcesBuildPhase section */
		03ECCEBF2370DCC100DE2379 /* Sources */ = {
			isa = PBXSourcesBuildPhase;
			buildActionMask = 2147483647;
			files = (
				03ECCED12370DCC100DE2379 /* Core_Data.xcdatamodeld in Sources */,
				03ECCEEC2370DD5A00DE2379 /* ContactsViewController.swift in Sources */,
				03ECCEF22370E1D600DE2379 /* Contact+CoreDataProperties.swift in Sources */,
				03ECCEEE2370E08F00DE2379 /* SingleContactViewController.swift in Sources */,
				03ECCEC72370DCC100DE2379 /* AppDelegate.swift in Sources */,
				03ECCEF12370E1D600DE2379 /* Contact+CoreDataClass.swift in Sources */,
				03ECCEC92370DCC100DE2379 /* SceneDelegate.swift in Sources */,
			);
			runOnlyForDeploymentPostprocessing = 0;
		};
		03ECCED82370DCC400DE2379 /* Sources */ = {
			isa = PBXSourcesBuildPhase;
			buildActionMask = 2147483647;
			files = (
				03ECCEE12370DCC400DE2379 /* Core_DataUITests.swift in Sources */,
			);
			runOnlyForDeploymentPostprocessing = 0;
		};
/* End PBXSourcesBuildPhase section */

/* Begin PBXTargetDependency section */
		03ECCEDE2370DCC400DE2379 /* PBXTargetDependency */ = {
			isa = PBXTargetDependency;
			target = 03ECCEC22370DCC100DE2379 /* Core Data */;
			targetProxy = 03ECCEDD2370DCC400DE2379 /* PBXContainerItemProxy */;
		};
/* End PBXTargetDependency section */

/* Begin PBXVariantGroup section */
		03ECCECC2370DCC100DE2379 /* Main.storyboard */ = {
			isa = PBXVariantGroup;
			children = (
				03ECCECD2370DCC100DE2379 /* Base */,
			);
			name = Main.storyboard;
			sourceTree = "<group>";
		};
		03ECCED42370DCC400DE2379 /* LaunchScreen.storyboard */ = {
			isa = PBXVariantGroup;
			children = (
				03ECCED52370DCC400DE2379 /* Base */,
			);
			name = LaunchScreen.storyboard;
			sourceTree = "<group>";
		};
/* End PBXVariantGroup section */

/* Begin XCBuildConfiguration section */
		03ECCEE32370DCC400DE2379 /* Debug */ = {
			isa = XCBuildConfiguration;
			buildSettings = {
				ALWAYS_SEARCH_USER_PATHS = NO;
				CLANG_ANALYZER_NONNULL = YES;
				CLANG_ANALYZER_NUMBER_OBJECT_CONVERSION = YES_AGGRESSIVE;
				CLANG_CXX_LANGUAGE_STANDARD = "gnu++14";
				CLANG_CXX_LIBRARY = "libc++";
				CLANG_ENABLE_MODULES = YES;
				CLANG_ENABLE_OBJC_ARC = YES;
				CLANG_ENABLE_OBJC_WEAK = YES;
				CLANG_WARN_BLOCK_CAPTURE_AUTORELEASING = YES;
				CLANG_WARN_BOOL_CONVERSION = YES;
				CLANG_WARN_COMMA = YES;
				CLANG_WARN_CONSTANT_CONVERSION = YES;
				CLANG_WARN_DEPRECATED_OBJC_IMPLEMENTATIONS = YES;
				CLANG_WARN_DIRECT_OBJC_ISA_USAGE = YES_ERROR;
				CLANG_WARN_DOCUMENTATION_COMMENTS = YES;
				CLANG_WARN_EMPTY_BODY = YES;
				CLANG_WARN_ENUM_CONVERSION = YES;
				CLANG_WARN_INFINITE_RECURSION = YES;
				CLANG_WARN_INT_CONVERSION = YES;
				CLANG_WARN_NON_LITERAL_NULL_CONVERSION = YES;
				CLANG_WARN_OBJC_IMPLICIT_RETAIN_SELF = YES;
				CLANG_WARN_OBJC_LITERAL_CONVERSION = YES;
				CLANG_WARN_OBJC_ROOT_CLASS = YES_ERROR;
				CLANG_WARN_RANGE_LOOP_ANALYSIS = YES;
				CLANG_WARN_STRICT_PROTOTYPES = YES;
				CLANG_WARN_SUSPICIOUS_MOVE = YES;
				CLANG_WARN_UNGUARDED_AVAILABILITY = YES_AGGRESSIVE;
				CLANG_WARN_UNREACHABLE_CODE = YES;
				CLANG_WARN__DUPLICATE_METHOD_MATCH = YES;
				COPY_PHASE_STRIP = NO;
				DEBUG_INFORMATION_FORMAT = dwarf;
				ENABLE_STRICT_OBJC_MSGSEND = YES;
				ENABLE_TESTABILITY = YES;
				GCC_C_LANGUAGE_STANDARD = gnu11;
				GCC_DYNAMIC_NO_PIC = NO;
				GCC_NO_COMMON_BLOCKS = YES;
				GCC_OPTIMIZATION_LEVEL = 0;
				GCC_PREPROCESSOR_DEFINITIONS = (
					"DEBUG=1",
					"$(inherited)",
				);
				GCC_WARN_64_TO_32_BIT_CONVERSION = YES;
				GCC_WARN_ABOUT_RETURN_TYPE = YES_ERROR;
				GCC_WARN_UNDECLARED_SELECTOR = YES;
				GCC_WARN_UNINITIALIZED_AUTOS = YES_AGGRESSIVE;
				GCC_WARN_UNUSED_FUNCTION = YES;
				GCC_WARN_UNUSED_VARIABLE = YES;
				IPHONEOS_DEPLOYMENT_TARGET = 13.1;
				MTL_ENABLE_DEBUG_INFO = INCLUDE_SOURCE;
				MTL_FAST_MATH = YES;
				ONLY_ACTIVE_ARCH = YES;
				SDKROOT = iphoneos;
				SWIFT_ACTIVE_COMPILATION_CONDITIONS = DEBUG;
				SWIFT_OPTIMIZATION_LEVEL = "-Onone";
			};
			name = Debug;
		};
		03ECCEE42370DCC400DE2379 /* Release */ = {
			isa = XCBuildConfiguration;
			buildSettings = {
				ALWAYS_SEARCH_USER_PATHS = NO;
				CLANG_ANALYZER_NONNULL = YES;
				CLANG_ANALYZER_NUMBER_OBJECT_CONVERSION = YES_AGGRESSIVE;
				CLANG_CXX_LANGUAGE_STANDARD = "gnu++14";
				CLANG_CXX_LIBRARY = "libc++";
				CLANG_ENABLE_MODULES = YES;
				CLANG_ENABLE_OBJC_ARC = YES;
				CLANG_ENABLE_OBJC_WEAK = YES;
				CLANG_WARN_BLOCK_CAPTURE_AUTORELEASING = YES;
				CLANG_WARN_BOOL_CONVERSION = YES;
				CLANG_WARN_COMMA = YES;
				CLANG_WARN_CONSTANT_CONVERSION = YES;
				CLANG_WARN_DEPRECATED_OBJC_IMPLEMENTATIONS = YES;
				CLANG_WARN_DIRECT_OBJC_ISA_USAGE = YES_ERROR;
				CLANG_WARN_DOCUMENTATION_COMMENTS = YES;
				CLANG_WARN_EMPTY_BODY = YES;
				CLANG_WARN_ENUM_CONVERSION = YES;
				CLANG_WARN_INFINITE_RECURSION = YES;
				CLANG_WARN_INT_CONVERSION = YES;
				CLANG_WARN_NON_LITERAL_NULL_CONVERSION = YES;
				CLANG_WARN_OBJC_IMPLICIT_RETAIN_SELF = YES;
				CLANG_WARN_OBJC_LITERAL_CONVERSION = YES;
				CLANG_WARN_OBJC_ROOT_CLASS = YES_ERROR;
				CLANG_WARN_RANGE_LOOP_ANALYSIS = YES;
				CLANG_WARN_STRICT_PROTOTYPES = YES;
				CLANG_WARN_SUSPICIOUS_MOVE = YES;
				CLANG_WARN_UNGUARDED_AVAILABILITY = YES_AGGRESSIVE;
				CLANG_WARN_UNREACHABLE_CODE = YES;
				CLANG_WARN__DUPLICATE_METHOD_MATCH = YES;
				COPY_PHASE_STRIP = NO;
				DEBUG_INFORMATION_FORMAT = "dwarf-with-dsym";
				ENABLE_NS_ASSERTIONS = NO;
				ENABLE_STRICT_OBJC_MSGSEND = YES;
				GCC_C_LANGUAGE_STANDARD = gnu11;
				GCC_NO_COMMON_BLOCKS = YES;
				GCC_WARN_64_TO_32_BIT_CONVERSION = YES;
				GCC_WARN_ABOUT_RETURN_TYPE = YES_ERROR;
				GCC_WARN_UNDECLARED_SELECTOR = YES;
				GCC_WARN_UNINITIALIZED_AUTOS = YES_AGGRESSIVE;
				GCC_WARN_UNUSED_FUNCTION = YES;
				GCC_WARN_UNUSED_VARIABLE = YES;
				IPHONEOS_DEPLOYMENT_TARGET = 13.1;
				MTL_ENABLE_DEBUG_INFO = NO;
				MTL_FAST_MATH = YES;
				SDKROOT = iphoneos;
				SWIFT_COMPILATION_MODE = wholemodule;
				SWIFT_OPTIMIZATION_LEVEL = "-O";
				VALIDATE_PRODUCT = YES;
			};
			name = Release;
		};
		03ECCEE62370DCC400DE2379 /* Debug */ = {
			isa = XCBuildConfiguration;
			buildSettings = {
				ASSETCATALOG_COMPILER_APPICON_NAME = AppIcon;
				CODE_SIGN_STYLE = Automatic;
				DEVELOPMENT_TEAM = 2KZU67346V;
				INFOPLIST_FILE = "Core Data/Info.plist";
				LD_RUNPATH_SEARCH_PATHS = (
					"$(inherited)",
					"@executable_path/Frameworks",
				);
				PRODUCT_BUNDLE_IDENTIFIER = "com.minormischief.Core-Data";
				PRODUCT_NAME = "$(TARGET_NAME)";
				SWIFT_VERSION = 5.0;
				TARGETED_DEVICE_FAMILY = "1,2";
			};
			name = Debug;
		};
		03ECCEE72370DCC400DE2379 /* Release */ = {
			isa = XCBuildConfiguration;
			buildSettings = {
				ASSETCATALOG_COMPILER_APPICON_NAME = AppIcon;
				CODE_SIGN_STYLE = Automatic;
				DEVELOPMENT_TEAM = 2KZU67346V;
				INFOPLIST_FILE = "Core Data/Info.plist";
				LD_RUNPATH_SEARCH_PATHS = (
					"$(inherited)",
					"@executable_path/Frameworks",
				);
				PRODUCT_BUNDLE_IDENTIFIER = "com.minormischief.Core-Data";
				PRODUCT_NAME = "$(TARGET_NAME)";
				SWIFT_VERSION = 5.0;
				TARGETED_DEVICE_FAMILY = "1,2";
			};
			name = Release;
		};
		03ECCEE92370DCC400DE2379 /* Debug */ = {
			isa = XCBuildConfiguration;
			buildSettings = {
				ALWAYS_EMBED_SWIFT_STANDARD_LIBRARIES = YES;
				CODE_SIGN_STYLE = Automatic;
				DEVELOPMENT_TEAM = 2KZU67346V;
				INFOPLIST_FILE = "Core DataUITests/Info.plist";
				LD_RUNPATH_SEARCH_PATHS = (
					"$(inherited)",
					"@executable_path/Frameworks",
					"@loader_path/Frameworks",
				);
				PRODUCT_BUNDLE_IDENTIFIER = "com.minormischief.Core-DataUITests";
				PRODUCT_NAME = "$(TARGET_NAME)";
				SWIFT_VERSION = 5.0;
				TARGETED_DEVICE_FAMILY = "1,2";
				TEST_TARGET_NAME = "Core Data";
			};
			name = Debug;
		};
		03ECCEEA2370DCC400DE2379 /* Release */ = {
			isa = XCBuildConfiguration;
			buildSettings = {
				ALWAYS_EMBED_SWIFT_STANDARD_LIBRARIES = YES;
				CODE_SIGN_STYLE = Automatic;
				DEVELOPMENT_TEAM = 2KZU67346V;
				INFOPLIST_FILE = "Core DataUITests/Info.plist";
				LD_RUNPATH_SEARCH_PATHS = (
					"$(inherited)",
					"@executable_path/Frameworks",
					"@loader_path/Frameworks",
				);
				PRODUCT_BUNDLE_IDENTIFIER = "com.minormischief.Core-DataUITests";
				PRODUCT_NAME = "$(TARGET_NAME)";
				SWIFT_VERSION = 5.0;
				TARGETED_DEVICE_FAMILY = "1,2";
				TEST_TARGET_NAME = "Core Data";
			};
			name = Release;
		};
/* End XCBuildConfiguration section */

/* Begin XCConfigurationList section */
		03ECCEBE2370DCC100DE2379 /* Build configuration list for PBXProject "Core Data" */ = {
			isa = XCConfigurationList;
			buildConfigurations = (
				03ECCEE32370DCC400DE2379 /* Debug */,
				03ECCEE42370DCC400DE2379 /* Release */,
			);
			defaultConfigurationIsVisible = 0;
			defaultConfigurationName = Release;
		};
		03ECCEE52370DCC400DE2379 /* Build configuration list for PBXNativeTarget "Core Data" */ = {
			isa = XCConfigurationList;
			buildConfigurations = (
				03ECCEE62370DCC400DE2379 /* Debug */,
				03ECCEE72370DCC400DE2379 /* Release */,
			);
			defaultConfigurationIsVisible = 0;
			defaultConfigurationName = Release;
		};
		03ECCEE82370DCC400DE2379 /* Build configuration list for PBXNativeTarget "Core DataUITests" */ = {
			isa = XCConfigurationList;
			buildConfigurations = (
				03ECCEE92370DCC400DE2379 /* Debug */,
				03ECCEEA2370DCC400DE2379 /* Release */,
			);
			defaultConfigurationIsVisible = 0;
			defaultConfigurationName = Release;
		};
/* End XCConfigurationList section */

/* Begin XCVersionGroup section */
		03ECCECF2370DCC100DE2379 /* Core_Data.xcdatamodeld */ = {
			isa = XCVersionGroup;
			children = (
				03ECCED02370DCC100DE2379 /* Core_Data.xcdatamodel */,
			);
			currentVersion = 03ECCED02370DCC100DE2379 /* Core_Data.xcdatamodel */;
			path = Core_Data.xcdatamodeld;
			sourceTree = "<group>";
			versionGroupType = wrapper.xcdatamodel;
		};
/* End XCVersionGroup section */
	};
	rootObject = 03ECCEBB2370DCC100DE2379 /* Project object */;
}
